
Microsoft Visual Studio Solution File, Format Version 12.00
# Visual Studio Version 17
VisualStudioVersion = 17.14.36518.9
MinimumVisualStudioVersion = 10.0.40219.1
Project("{FAE04EC0-301F-11D3-BF4B-00C04F79EFBC}") = "CLX.Core", "src\CLX.Core.csproj", "{DCA48E50-C3C6-EF98-24F1-BDDABEB675D5}"
EndProject
Project("{FAE04EC0-301F-11D3-BF4B-00C04F79EFBC}") = "CLX.Tests", "CLX.Tests\CLX.Tests.csproj", "{B4A74296-8CF8-42E7-A8CD-0372A66E644F}"
EndProject
Global
	GlobalSection(SolutionConfigurationPlatforms) = preSolution
		Debug|Any CPU = Debug|Any CPU
		Release|Any CPU = Release|Any CPU
	EndGlobalSection
	GlobalSection(ProjectConfigurationPlatforms) = postSolution
		{DCA48E50-C3C6-EF98-24F1-BDDABEB675D5}.Debug|Any CPU.ActiveCfg = Debug|Any CPU
		{DCA48E50-C3C6-EF98-24F1-BDDABEB675D5}.Debug|Any CPU.Build.0 = Debug|Any CPU
		{DCA48E50-C3C6-EF98-24F1-BDDABEB675D5}.Release|Any CPU.ActiveCfg = Release|Any CPU
		{DCA48E50-C3C6-EF98-24F1-BDDABEB675D5}.Release|Any CPU.Build.0 = Release|Any CPU
		{B4A74296-8CF8-42E7-A8CD-0372A66E644F}.Debug|Any CPU.ActiveCfg = Debug|Any CPU
		{B4A74296-8CF8-42E7-A8CD-0372A66E644F}.Debug|Any CPU.Build.0 = Debug|Any CPU
		{B4A74296-8CF8-42E7-A8CD-0372A66E644F}.Release|Any CPU.ActiveCfg = Release|Any CPU
		{B4A74296-8CF8-42E7-A8CD-0372A66E644F}.Release|Any CPU.Build.0 = Release|Any CPU
	EndGlobalSection
	GlobalSection(SolutionProperties) = preSolution
		HideSolutionNode = FALSE
	EndGlobalSection
	GlobalSection(ExtensibilityGlobals) = postSolution
		SolutionGuid = {0C7B2A63-827A-4A71-965A-4081B71C1DBC}
	EndGlobalSection
EndGlobal
