
Microsoft Visual Studio Solution File, Format Version 12.00
# Visual Studio Version 17
VisualStudioVersion = 17.14.36518.9 d17.14
MinimumVisualStudioVersion = 10.0.40219.1
Project("{FAE04EC0-301F-11D3-BF4B-00C04F79EFBC}") = "CommandLine", "CommandLine.csproj", "{8E15B509-DAD2-41F5-9B5E-5D30758FF757}"
EndProject
Global
	GlobalSection(SolutionConfigurationPlatforms) = preSolution
		Debug|Any CPU = Debug|Any CPU
		Release|Any CPU = Release|Any CPU
	EndGlobalSection
	GlobalSection(ProjectConfigurationPlatforms) = postSolution
		{8E15B509-DAD2-41F5-9B5E-5D30758FF757}.Debug|Any CPU.ActiveCfg = Debug|Any CPU
		{8E15B509-DAD2-41F5-9B5E-5D30758FF757}.Debug|Any CPU.Build.0 = Debug|Any CPU
		{8E15B509-DAD2-41F5-9B5E-5D30758FF757}.Release|Any CPU.ActiveCfg = Release|Any CPU
		{8E15B509-DAD2-41F5-9B5E-5D30758FF757}.Release|Any CPU.Build.0 = Release|Any CPU
	EndGlobalSection
	GlobalSection(SolutionProperties) = preSolution
		HideSolutionNode = FALSE
	EndGlobalSection
	GlobalSection(ExtensibilityGlobals) = postSolution
		SolutionGuid = {0C7B2A63-827A-4A71-965A-4081B71C1DBC}
	EndGlobalSection
EndGlobal
